
Microsoft Visual Studio Solution File, Format Version 12.00
# Visual Studio Version 16
VisualStudioVersion = 16.0.30204.135
MinimumVisualStudioVersion = 10.0.40219.1
Project("{FAE04EC0-301F-11D3-BF4B-00C04F79EFBC}") = "MyShop.Core", "MyShop.Core\MyShop.Core.csproj", "{67512D9C-07BC-4DCF-A2BD-13E3DEDF1122}"
EndProject
Project("{FAE04EC0-301F-11D3-BF4B-00C04F79EFBC}") = "MyShop.Services", "MyShop.Services\MyShop.Services.csproj", "{EA5C408B-00F2-4C2D-A1F5-AFFE0F3DFBE7}"
EndProject
Project("{FAE04EC0-301F-11D3-BF4B-00C04F79EFBC}") = "MyShop.DataAccess.SQL", "MyShop.DataAccess.SQL\MyShop.DataAccess.SQL.csproj", "{8D742C11-C684-4E7D-AFD7-0C8F042591AC}"
EndProject
Project("{FAE04EC0-301F-11D3-BF4B-00C04F79EFBC}") = "MyShop.DataAccess.InMemory", "MyShop.DataAccess.InMemory\MyShop.DataAccess.InMemory.csproj", "{24D5BE9D-FBDC-4C07-8784-CFE1D3BECD8B}"
EndProject
Project("{FAE04EC0-301F-11D3-BF4B-00C04F79EFBC}") = "MyShop.WebUI", "MyShop.WebUI\MyShop.WebUI.csproj", "{AFBA7453-AB5F-4531-B983-B6C8257202A5}"
EndProject
Project("{FAE04EC0-301F-11D3-BF4B-00C04F79EFBC}") = "MyShop.WebUI.Tests", "MyShop.WebUI.Tests\MyShop.WebUI.Tests.csproj", "{F5D43A6B-199D-4491-8F9F-A31F2B5FA4C9}"
EndProject
Global
	GlobalSection(SolutionConfigurationPlatforms) = preSolution
		Debug|Any CPU = Debug|Any CPU
		Release|Any CPU = Release|Any CPU
	EndGlobalSection
	GlobalSection(ProjectConfigurationPlatforms) = postSolution
		{67512D9C-07BC-4DCF-A2BD-13E3DEDF1122}.Debug|Any CPU.ActiveCfg = Debug|Any CPU
		{67512D9C-07BC-4DCF-A2BD-13E3DEDF1122}.Debug|Any CPU.Build.0 = Debug|Any CPU
		{67512D9C-07BC-4DCF-A2BD-13E3DEDF1122}.Release|Any CPU.ActiveCfg = Release|Any CPU
		{67512D9C-07BC-4DCF-A2BD-13E3DEDF1122}.Release|Any CPU.Build.0 = Release|Any CPU
		{EA5C408B-00F2-4C2D-A1F5-AFFE0F3DFBE7}.Debug|Any CPU.ActiveCfg = Debug|Any CPU
		{EA5C408B-00F2-4C2D-A1F5-AFFE0F3DFBE7}.Debug|Any CPU.Build.0 = Debug|Any CPU
		{EA5C408B-00F2-4C2D-A1F5-AFFE0F3DFBE7}.Release|Any CPU.ActiveCfg = Release|Any CPU
		{EA5C408B-00F2-4C2D-A1F5-AFFE0F3DFBE7}.Release|Any CPU.Build.0 = Release|Any CPU
		{8D742C11-C684-4E7D-AFD7-0C8F042591AC}.Debug|Any CPU.ActiveCfg = Debug|Any CPU
		{8D742C11-C684-4E7D-AFD7-0C8F042591AC}.Debug|Any CPU.Build.0 = Debug|Any CPU
		{8D742C11-C684-4E7D-AFD7-0C8F042591AC}.Release|Any CPU.ActiveCfg = Release|Any CPU
		{8D742C11-C684-4E7D-AFD7-0C8F042591AC}.Release|Any CPU.Build.0 = Release|Any CPU
		{24D5BE9D-FBDC-4C07-8784-CFE1D3BECD8B}.Debug|Any CPU.ActiveCfg = Debug|Any CPU
		{24D5BE9D-FBDC-4C07-8784-CFE1D3BECD8B}.Debug|Any CPU.Build.0 = Debug|Any CPU
		{24D5BE9D-FBDC-4C07-8784-CFE1D3BECD8B}.Release|Any CPU.ActiveCfg = Release|Any CPU
		{24D5BE9D-FBDC-4C07-8784-CFE1D3BECD8B}.Release|Any CPU.Build.0 = Release|Any CPU
		{AFBA7453-AB5F-4531-B983-B6C8257202A5}.Debug|Any CPU.ActiveCfg = Debug|Any CPU
		{AFBA7453-AB5F-4531-B983-B6C8257202A5}.Debug|Any CPU.Build.0 = Debug|Any CPU
		{AFBA7453-AB5F-4531-B983-B6C8257202A5}.Release|Any CPU.ActiveCfg = Release|Any CPU
		{AFBA7453-AB5F-4531-B983-B6C8257202A5}.Release|Any CPU.Build.0 = Release|Any CPU
		{F5D43A6B-199D-4491-8F9F-A31F2B5FA4C9}.Debug|Any CPU.ActiveCfg = Debug|Any CPU
		{F5D43A6B-199D-4491-8F9F-A31F2B5FA4C9}.Debug|Any CPU.Build.0 = Debug|Any CPU
		{F5D43A6B-199D-4491-8F9F-A31F2B5FA4C9}.Release|Any CPU.ActiveCfg = Release|Any CPU
		{F5D43A6B-199D-4491-8F9F-A31F2B5FA4C9}.Release|Any CPU.Build.0 = Release|Any CPU
	EndGlobalSection
	GlobalSection(SolutionProperties) = preSolution
		HideSolutionNode = FALSE
	EndGlobalSection
	GlobalSection(ExtensibilityGlobals) = postSolution
		SolutionGuid = {4ECB899B-B5E1-44D6-AC4A-014B5A52287D}
	EndGlobalSection
EndGlobal
